
Microsoft Visual Studio Solution File, Format Version 12.00
# Visual Studio 15
VisualStudioVersion = 15.0.28010.2041
MinimumVisualStudioVersion = 10.0.40219.1
Project("{888888A0-9F3D-457C-B088-3A5042F75D52}") = "HW3", "HW3.pyproj", "{F9C383FE-697B-4840-8B69-5069B8E54082}"
EndProject
Global
	GlobalSection(SolutionConfigurationPlatforms) = preSolution
		Debug|Any CPU = Debug|Any CPU
		Release|Any CPU = Release|Any CPU
	EndGlobalSection
	GlobalSection(ProjectConfigurationPlatforms) = postSolution
		{F9C383FE-697B-4840-8B69-5069B8E54082}.Debug|Any CPU.ActiveCfg = Debug|Any CPU
		{F9C383FE-697B-4840-8B69-5069B8E54082}.Release|Any CPU.ActiveCfg = Release|Any CPU
	EndGlobalSection
	GlobalSection(SolutionProperties) = preSolution
		HideSolutionNode = FALSE
	EndGlobalSection
	GlobalSection(ExtensibilityGlobals) = postSolution
		SolutionGuid = {FBBDA5ED-0456-4344-9050-2CC67DAC6B7A}
	EndGlobalSection
EndGlobal
